
Microsoft Visual Studio Solution File, Format Version 12.00
# Visual Studio Version 16
VisualStudioVersion = 16.0.30523.141
MinimumVisualStudioVersion = 10.0.40219.1
Project("{FAE04EC0-301F-11D3-BF4B-00C04F79EFBC}") = "Client", "Client\Client.csproj", "{6152F023-2821-443A-9B6E-35B8261BFA8B}"
EndProject
Global
	GlobalSection(SolutionConfigurationPlatforms) = preSolution
		Debug|Any CPU = Debug|Any CPU
		Release|Any CPU = Release|Any CPU
	EndGlobalSection
	GlobalSection(ProjectConfigurationPlatforms) = postSolution
		{6152F023-2821-443A-9B6E-35B8261BFA8B}.Debug|Any CPU.ActiveCfg = Debug|Any CPU
		{6152F023-2821-443A-9B6E-35B8261BFA8B}.Debug|Any CPU.Build.0 = Debug|Any CPU
		{6152F023-2821-443A-9B6E-35B8261BFA8B}.Release|Any CPU.ActiveCfg = Release|Any CPU
		{6152F023-2821-443A-9B6E-35B8261BFA8B}.Release|Any CPU.Build.0 = Release|Any CPU
	EndGlobalSection
	GlobalSection(SolutionProperties) = preSolution
		HideSolutionNode = FALSE
	EndGlobalSection
	GlobalSection(ExtensibilityGlobals) = postSolution
		SolutionGuid = {908DE1CD-92AF-4BEA-A981-2BF4CD6838CC}
	EndGlobalSection
EndGlobal
