
Microsoft Visual Studio Solution File, Format Version 12.00
# Visual Studio Version 16
VisualStudioVersion = 16.0.30523.141
MinimumVisualStudioVersion = 10.0.40219.1
Project("{FAE04EC0-301F-11D3-BF4B-00C04F79EFBC}") = "Server", "Server\Server.csproj", "{941A4200-4AF2-4D97-8C6E-5B75CDA85D84}"
EndProject
Global
	GlobalSection(SolutionConfigurationPlatforms) = preSolution
		Debug|Any CPU = Debug|Any CPU
		Release|Any CPU = Release|Any CPU
	EndGlobalSection
	GlobalSection(ProjectConfigurationPlatforms) = postSolution
		{941A4200-4AF2-4D97-8C6E-5B75CDA85D84}.Debug|Any CPU.ActiveCfg = Debug|Any CPU
		{941A4200-4AF2-4D97-8C6E-5B75CDA85D84}.Debug|Any CPU.Build.0 = Debug|Any CPU
		{941A4200-4AF2-4D97-8C6E-5B75CDA85D84}.Release|Any CPU.ActiveCfg = Release|Any CPU
		{941A4200-4AF2-4D97-8C6E-5B75CDA85D84}.Release|Any CPU.Build.0 = Release|Any CPU
	EndGlobalSection
	GlobalSection(SolutionProperties) = preSolution
		HideSolutionNode = FALSE
	EndGlobalSection
	GlobalSection(ExtensibilityGlobals) = postSolution
		SolutionGuid = {8B9223C2-64EE-4A1C-B85C-82D7C2BCCFBE}
	EndGlobalSection
EndGlobal
